{
  "version": 4,
  "terraform_version": "1.9.4",
  "serial": 1079,
  "lineage": "e561f1f7-0b9e-f8d9-a97d-99c805eb19a4",
  "outputs": {},
  "resources": [
    {
      "module": "module.vpc",
      "mode": "managed",
      "type": "aws_vpc",
      "name": "vpc",
      "provider": "provider[\"registry.terraform.io/hashicorp/aws\"]",
      "instances": [
        {
          "schema_version": 1,
          "attributes": {
            "arn": "arn:aws:ec2:us-east-1:381492286525:vpc/vpc-0b16f5eb6bb441b8e",
            "assign_generated_ipv6_cidr_block": false,
            "cidr_block": "10.0.0.0/16",
            "default_network_acl_id": "acl-0c158383dd7238c95",
            "default_route_table_id": "rtb-056293995f7accd66",
            "default_security_group_id": "sg-0c2eb1a52028d27f0",
            "dhcp_options_id": "dopt-0dc71f18191033d80",
            "enable_dns_hostnames": true,
            "enable_dns_support": true,
            "enable_network_address_usage_metrics": false,
            "id": "vpc-0b16f5eb6bb441b8e",
            "instance_tenancy": "default",
            "ipv4_ipam_pool_id": null,
            "ipv4_netmask_length": null,
            "ipv6_association_id": "",
            "ipv6_cidr_block": "",
            "ipv6_cidr_block_network_border_group": "",
            "ipv6_ipam_pool_id": "",
            "ipv6_netmask_length": 0,
            "main_route_table_id": "rtb-056293995f7accd66",
            "owner_id": "381492286525",
            "tags": {
              "Name": "application-vpc"
            },
            "tags_all": {
              "Name": "application-vpc"
            }
          },
          "sensitive_attributes": [],
          "private": "eyJzY2hlbWFfdmVyc2lvbiI6IjEifQ=="
        }
      ]
    }
  ],
  "check_results": null
}
